
Microsoft Visual Studio Solution File, Format Version 12.00
# Visual Studio Version 16
VisualStudioVersion = 16.0.29519.181
MinimumVisualStudioVersion = 10.0.40219.1
Project("{9A19103F-16F7-4668-BE54-9A1E7A4F7556}") = "Example", "Example\Example.csproj", "{68EA2A13-6EA7-48A0-8C7C-863911A6CA49}"
EndProject
Project("{FAE04EC0-301F-11D3-BF4B-00C04F79EFBC}") = "NUnitTest", "NUnitTest\NUnitTest.csproj", "{4AB790BE-BE05-43E2-B636-1C2A271D067A}"
EndProject
Global
	GlobalSection(SolutionConfigurationPlatforms) = preSolution
		Debug|Any CPU = Debug|Any CPU
		Release|Any CPU = Release|Any CPU
	EndGlobalSection
	GlobalSection(ProjectConfigurationPlatforms) = postSolution
		{68EA2A13-6EA7-48A0-8C7C-863911A6CA49}.Debug|Any CPU.ActiveCfg = Debug|Any CPU
		{68EA2A13-6EA7-48A0-8C7C-863911A6CA49}.Debug|Any CPU.Build.0 = Debug|Any CPU
		{68EA2A13-6EA7-48A0-8C7C-863911A6CA49}.Release|Any CPU.ActiveCfg = Release|Any CPU
		{68EA2A13-6EA7-48A0-8C7C-863911A6CA49}.Release|Any CPU.Build.0 = Release|Any CPU
		{4AB790BE-BE05-43E2-B636-1C2A271D067A}.Debug|Any CPU.ActiveCfg = Debug|Any CPU
		{4AB790BE-BE05-43E2-B636-1C2A271D067A}.Debug|Any CPU.Build.0 = Debug|Any CPU
		{4AB790BE-BE05-43E2-B636-1C2A271D067A}.Release|Any CPU.ActiveCfg = Release|Any CPU
		{4AB790BE-BE05-43E2-B636-1C2A271D067A}.Release|Any CPU.Build.0 = Release|Any CPU
	EndGlobalSection
	GlobalSection(SolutionProperties) = preSolution
		HideSolutionNode = FALSE
	EndGlobalSection
	GlobalSection(ExtensibilityGlobals) = postSolution
		SolutionGuid = {0C4C070E-FE5E-45F8-BDE0-8F0E77E14331}
	EndGlobalSection
EndGlobal
